# THIS IS AN AUTOGENERATED FILE. DO NOT EDIT THIS FILE DIRECTLY.
# yarn lockfile v1


document-player-miniprogram@^1.5.3:
  version "1.5.3"
  resolved "https://registry.npmmirror.com/document-player-miniprogram/-/document-player-miniprogram-1.5.3.tgz#7d5a26661adb499205fa4e707409d2a5aecb8639"
  integrity sha512-RdtjFOUMVy7ilJ/3UHq5wZqbTLRF/ilocExdTBSMdcAune2JTOs+Lw213nnfFdKF/3ppbt0iotW4/Bc2EkQ6bw==
